
Microsoft Visual Studio Solution File, Format Version 12.00
# Visual Studio Version 17
VisualStudioVersion = 17.1.32328.378
MinimumVisualStudioVersion = 10.0.40219.1
Project("{FAE04EC0-301F-11D3-BF4B-00C04F79EFBC}") = "Saida_Dados", "Saida_Dados\Saida_Dados.csproj", "{D8879946-498A-47D1-9975-BC7E804AD435}"
EndProject
Global
	GlobalSection(SolutionConfigurationPlatforms) = preSolution
		Debug|Any CPU = Debug|Any CPU
		Release|Any CPU = Release|Any CPU
	EndGlobalSection
	GlobalSection(ProjectConfigurationPlatforms) = postSolution
		{D8879946-498A-47D1-9975-BC7E804AD435}.Debug|Any CPU.ActiveCfg = Debug|Any CPU
		{D8879946-498A-47D1-9975-BC7E804AD435}.Debug|Any CPU.Build.0 = Debug|Any CPU
		{D8879946-498A-47D1-9975-BC7E804AD435}.Release|Any CPU.ActiveCfg = Release|Any CPU
		{D8879946-498A-47D1-9975-BC7E804AD435}.Release|Any CPU.Build.0 = Release|Any CPU
	EndGlobalSection
	GlobalSection(SolutionProperties) = preSolution
		HideSolutionNode = FALSE
	EndGlobalSection
	GlobalSection(ExtensibilityGlobals) = postSolution
		SolutionGuid = {CC954453-C388-44D6-9C5E-8AC1E3F4451E}
	EndGlobalSection
EndGlobal
